
Microsoft Visual Studio Solution File, Format Version 12.00
# Visual Studio Version 16
VisualStudioVersion = 16.0.31911.196
MinimumVisualStudioVersion = 10.0.40219.1
Project("{8BC9CEB8-8B4A-11D0-8D11-00A0C91BC942}") = "ubs_client", "ubs_client\ubs_client.vcxproj", "{156017B1-9970-46D8-B37B-FB1F8A643D76}"
EndProject
Project("{8BC9CEB8-8B4A-11D0-8D11-00A0C91BC942}") = "ubs_serve", "ubs_serve\ubs_serve.vcxproj", "{1D60E06C-DF29-489B-8491-D05C76B92CBE}"
EndProject
Project("{8BC9CEB8-8B4A-11D0-8D11-00A0C91BC942}") = "bind_test", "bind_test\bind_test.vcxproj", "{4B8E0662-3A7E-4297-ACFF-1F637C48A2A5}"
EndProject
Project("{8BC9CEB8-8B4A-11D0-8D11-00A0C91BC942}") = "json_test", "json_test\json_test.vcxproj", "{9E9958F1-6A06-4F0C-BE66-DF214F73F13F}"
EndProject
Project("{8BC9CEB8-8B4A-11D0-8D11-00A0C91BC942}") = "Pimpl_test", "Pimpl_test\Pimpl_test.vcxproj", "{F1972092-1E57-43CC-B92C-B70E384F99AD}"
EndProject
Global
	GlobalSection(SolutionConfigurationPlatforms) = preSolution
		Debug|ARM = Debug|ARM
		Debug|ARM64 = Debug|ARM64
		Debug|x64 = Debug|x64
		Debug|x86 = Debug|x86
		Release|ARM = Release|ARM
		Release|ARM64 = Release|ARM64
		Release|x64 = Release|x64
		Release|x86 = Release|x86
	EndGlobalSection
	GlobalSection(ProjectConfigurationPlatforms) = postSolution
		{156017B1-9970-46D8-B37B-FB1F8A643D76}.Debug|ARM.ActiveCfg = Debug|ARM
		{156017B1-9970-46D8-B37B-FB1F8A643D76}.Debug|ARM.Build.0 = Debug|ARM
		{156017B1-9970-46D8-B37B-FB1F8A643D76}.Debug|ARM.Deploy.0 = Debug|ARM
		{156017B1-9970-46D8-B37B-FB1F8A643D76}.Debug|ARM64.ActiveCfg = Debug|ARM64
		{156017B1-9970-46D8-B37B-FB1F8A643D76}.Debug|ARM64.Build.0 = Debug|ARM64
		{156017B1-9970-46D8-B37B-FB1F8A643D76}.Debug|ARM64.Deploy.0 = Debug|ARM64
		{156017B1-9970-46D8-B37B-FB1F8A643D76}.Debug|x64.ActiveCfg = Debug|x64
		{156017B1-9970-46D8-B37B-FB1F8A643D76}.Debug|x64.Build.0 = Debug|x64
		{156017B1-9970-46D8-B37B-FB1F8A643D76}.Debug|x64.Deploy.0 = Debug|x64
		{156017B1-9970-46D8-B37B-FB1F8A643D76}.Debug|x86.ActiveCfg = Debug|x86
		{156017B1-9970-46D8-B37B-FB1F8A643D76}.Debug|x86.Build.0 = Debug|x86
		{156017B1-9970-46D8-B37B-FB1F8A643D76}.Debug|x86.Deploy.0 = Debug|x86
		{156017B1-9970-46D8-B37B-FB1F8A643D76}.Release|ARM.ActiveCfg = Release|ARM
		{156017B1-9970-46D8-B37B-FB1F8A643D76}.Release|ARM.Build.0 = Release|ARM
		{156017B1-9970-46D8-B37B-FB1F8A643D76}.Release|ARM.Deploy.0 = Release|ARM
		{156017B1-9970-46D8-B37B-FB1F8A643D76}.Release|ARM64.ActiveCfg = Release|ARM64
		{156017B1-9970-46D8-B37B-FB1F8A643D76}.Release|ARM64.Build.0 = Release|ARM64
		{156017B1-9970-46D8-B37B-FB1F8A643D76}.Release|ARM64.Deploy.0 = Release|ARM64
		{156017B1-9970-46D8-B37B-FB1F8A643D76}.Release|x64.ActiveCfg = Release|x64
		{156017B1-9970-46D8-B37B-FB1F8A643D76}.Release|x64.Build.0 = Release|x64
		{156017B1-9970-46D8-B37B-FB1F8A643D76}.Release|x64.Deploy.0 = Release|x64
		{156017B1-9970-46D8-B37B-FB1F8A643D76}.Release|x86.ActiveCfg = Release|x86
		{156017B1-9970-46D8-B37B-FB1F8A643D76}.Release|x86.Build.0 = Release|x86
		{156017B1-9970-46D8-B37B-FB1F8A643D76}.Release|x86.Deploy.0 = Release|x86
		{1D60E06C-DF29-489B-8491-D05C76B92CBE}.Debug|ARM.ActiveCfg = Debug|ARM
		{1D60E06C-DF29-489B-8491-D05C76B92CBE}.Debug|ARM.Build.0 = Debug|ARM
		{1D60E06C-DF29-489B-8491-D05C76B92CBE}.Debug|ARM.Deploy.0 = Debug|ARM
		{1D60E06C-DF29-489B-8491-D05C76B92CBE}.Debug|ARM64.ActiveCfg = Debug|ARM64
		{1D60E06C-DF29-489B-8491-D05C76B92CBE}.Debug|ARM64.Build.0 = Debug|ARM64
		{1D60E06C-DF29-489B-8491-D05C76B92CBE}.Debug|ARM64.Deploy.0 = Debug|ARM64
		{1D60E06C-DF29-489B-8491-D05C76B92CBE}.Debug|x64.ActiveCfg = Debug|x64
		{1D60E06C-DF29-489B-8491-D05C76B92CBE}.Debug|x64.Build.0 = Debug|x64
		{1D60E06C-DF29-489B-8491-D05C76B92CBE}.Debug|x64.Deploy.0 = Debug|x64
		{1D60E06C-DF29-489B-8491-D05C76B92CBE}.Debug|x86.ActiveCfg = Debug|x86
		{1D60E06C-DF29-489B-8491-D05C76B92CBE}.Debug|x86.Build.0 = Debug|x86
		{1D60E06C-DF29-489B-8491-D05C76B92CBE}.Debug|x86.Deploy.0 = Debug|x86
		{1D60E06C-DF29-489B-8491-D05C76B92CBE}.Release|ARM.ActiveCfg = Release|ARM
		{1D60E06C-DF29-489B-8491-D05C76B92CBE}.Release|ARM.Build.0 = Release|ARM
		{1D60E06C-DF29-489B-8491-D05C76B92CBE}.Release|ARM.Deploy.0 = Release|ARM
		{1D60E06C-DF29-489B-8491-D05C76B92CBE}.Release|ARM64.ActiveCfg = Release|ARM64
		{1D60E06C-DF29-489B-8491-D05C76B92CBE}.Release|ARM64.Build.0 = Release|ARM64
		{1D60E06C-DF29-489B-8491-D05C76B92CBE}.Release|ARM64.Deploy.0 = Release|ARM64
		{1D60E06C-DF29-489B-8491-D05C76B92CBE}.Release|x64.ActiveCfg = Release|x64
		{1D60E06C-DF29-489B-8491-D05C76B92CBE}.Release|x64.Build.0 = Release|x64
		{1D60E06C-DF29-489B-8491-D05C76B92CBE}.Release|x64.Deploy.0 = Release|x64
		{1D60E06C-DF29-489B-8491-D05C76B92CBE}.Release|x86.ActiveCfg = Release|x86
		{1D60E06C-DF29-489B-8491-D05C76B92CBE}.Release|x86.Build.0 = Release|x86
		{1D60E06C-DF29-489B-8491-D05C76B92CBE}.Release|x86.Deploy.0 = Release|x86
		{4B8E0662-3A7E-4297-ACFF-1F637C48A2A5}.Debug|ARM.ActiveCfg = Debug|ARM
		{4B8E0662-3A7E-4297-ACFF-1F637C48A2A5}.Debug|ARM.Build.0 = Debug|ARM
		{4B8E0662-3A7E-4297-ACFF-1F637C48A2A5}.Debug|ARM.Deploy.0 = Debug|ARM
		{4B8E0662-3A7E-4297-ACFF-1F637C48A2A5}.Debug|ARM64.ActiveCfg = Debug|ARM64
		{4B8E0662-3A7E-4297-ACFF-1F637C48A2A5}.Debug|ARM64.Build.0 = Debug|ARM64
		{4B8E0662-3A7E-4297-ACFF-1F637C48A2A5}.Debug|ARM64.Deploy.0 = Debug|ARM64
		{4B8E0662-3A7E-4297-ACFF-1F637C48A2A5}.Debug|x64.ActiveCfg = Debug|x64
		{4B8E0662-3A7E-4297-ACFF-1F637C48A2A5}.Debug|x64.Build.0 = Debug|x64
		{4B8E0662-3A7E-4297-ACFF-1F637C48A2A5}.Debug|x64.Deploy.0 = Debug|x64
		{4B8E0662-3A7E-4297-ACFF-1F637C48A2A5}.Debug|x86.ActiveCfg = Debug|x86
		{4B8E0662-3A7E-4297-ACFF-1F637C48A2A5}.Debug|x86.Build.0 = Debug|x86
		{4B8E0662-3A7E-4297-ACFF-1F637C48A2A5}.Debug|x86.Deploy.0 = Debug|x86
		{4B8E0662-3A7E-4297-ACFF-1F637C48A2A5}.Release|ARM.ActiveCfg = Release|ARM
		{4B8E0662-3A7E-4297-ACFF-1F637C48A2A5}.Release|ARM.Build.0 = Release|ARM
		{4B8E0662-3A7E-4297-ACFF-1F637C48A2A5}.Release|ARM.Deploy.0 = Release|ARM
		{4B8E0662-3A7E-4297-ACFF-1F637C48A2A5}.Release|ARM64.ActiveCfg = Release|ARM64
		{4B8E0662-3A7E-4297-ACFF-1F637C48A2A5}.Release|ARM64.Build.0 = Release|ARM64
		{4B8E0662-3A7E-4297-ACFF-1F637C48A2A5}.Release|ARM64.Deploy.0 = Release|ARM64
		{4B8E0662-3A7E-4297-ACFF-1F637C48A2A5}.Release|x64.ActiveCfg = Release|x64
		{4B8E0662-3A7E-4297-ACFF-1F637C48A2A5}.Release|x64.Build.0 = Release|x64
		{4B8E0662-3A7E-4297-ACFF-1F637C48A2A5}.Release|x64.Deploy.0 = Release|x64
		{4B8E0662-3A7E-4297-ACFF-1F637C48A2A5}.Release|x86.ActiveCfg = Release|x86
		{4B8E0662-3A7E-4297-ACFF-1F637C48A2A5}.Release|x86.Build.0 = Release|x86
		{4B8E0662-3A7E-4297-ACFF-1F637C48A2A5}.Release|x86.Deploy.0 = Release|x86
		{9E9958F1-6A06-4F0C-BE66-DF214F73F13F}.Debug|ARM.ActiveCfg = Debug|ARM
		{9E9958F1-6A06-4F0C-BE66-DF214F73F13F}.Debug|ARM.Build.0 = Debug|ARM
		{9E9958F1-6A06-4F0C-BE66-DF214F73F13F}.Debug|ARM.Deploy.0 = Debug|ARM
		{9E9958F1-6A06-4F0C-BE66-DF214F73F13F}.Debug|ARM64.ActiveCfg = Debug|ARM64
		{9E9958F1-6A06-4F0C-BE66-DF214F73F13F}.Debug|ARM64.Build.0 = Debug|ARM64
		{9E9958F1-6A06-4F0C-BE66-DF214F73F13F}.Debug|ARM64.Deploy.0 = Debug|ARM64
		{9E9958F1-6A06-4F0C-BE66-DF214F73F13F}.Debug|x64.ActiveCfg = Debug|x64
		{9E9958F1-6A06-4F0C-BE66-DF214F73F13F}.Debug|x64.Build.0 = Debug|x64
		{9E9958F1-6A06-4F0C-BE66-DF214F73F13F}.Debug|x64.Deploy.0 = Debug|x64
		{9E9958F1-6A06-4F0C-BE66-DF214F73F13F}.Debug|x86.ActiveCfg = Debug|x86
		{9E9958F1-6A06-4F0C-BE66-DF214F73F13F}.Debug|x86.Build.0 = Debug|x86
		{9E9958F1-6A06-4F0C-BE66-DF214F73F13F}.Debug|x86.Deploy.0 = Debug|x86
		{9E9958F1-6A06-4F0C-BE66-DF214F73F13F}.Release|ARM.ActiveCfg = Release|ARM
		{9E9958F1-6A06-4F0C-BE66-DF214F73F13F}.Release|ARM.Build.0 = Release|ARM
		{9E9958F1-6A06-4F0C-BE66-DF214F73F13F}.Release|ARM.Deploy.0 = Release|ARM
		{9E9958F1-6A06-4F0C-BE66-DF214F73F13F}.Release|ARM64.ActiveCfg = Release|ARM64
		{9E9958F1-6A06-4F0C-BE66-DF214F73F13F}.Release|ARM64.Build.0 = Release|ARM64
		{9E9958F1-6A06-4F0C-BE66-DF214F73F13F}.Release|ARM64.Deploy.0 = Release|ARM64
		{9E9958F1-6A06-4F0C-BE66-DF214F73F13F}.Release|x64.ActiveCfg = Release|x64
		{9E9958F1-6A06-4F0C-BE66-DF214F73F13F}.Release|x64.Build.0 = Release|x64
		{9E9958F1-6A06-4F0C-BE66-DF214F73F13F}.Release|x64.Deploy.0 = Release|x64
		{9E9958F1-6A06-4F0C-BE66-DF214F73F13F}.Release|x86.ActiveCfg = Release|x86
		{9E9958F1-6A06-4F0C-BE66-DF214F73F13F}.Release|x86.Build.0 = Release|x86
		{9E9958F1-6A06-4F0C-BE66-DF214F73F13F}.Release|x86.Deploy.0 = Release|x86
		{F1972092-1E57-43CC-B92C-B70E384F99AD}.Debug|ARM.ActiveCfg = Debug|ARM
		{F1972092-1E57-43CC-B92C-B70E384F99AD}.Debug|ARM.Build.0 = Debug|ARM
		{F1972092-1E57-43CC-B92C-B70E384F99AD}.Debug|ARM.Deploy.0 = Debug|ARM
		{F1972092-1E57-43CC-B92C-B70E384F99AD}.Debug|ARM64.ActiveCfg = Debug|ARM64
		{F1972092-1E57-43CC-B92C-B70E384F99AD}.Debug|ARM64.Build.0 = Debug|ARM64
		{F1972092-1E57-43CC-B92C-B70E384F99AD}.Debug|ARM64.Deploy.0 = Debug|ARM64
		{F1972092-1E57-43CC-B92C-B70E384F99AD}.Debug|x64.ActiveCfg = Debug|x64
		{F1972092-1E57-43CC-B92C-B70E384F99AD}.Debug|x64.Build.0 = Debug|x64
		{F1972092-1E57-43CC-B92C-B70E384F99AD}.Debug|x64.Deploy.0 = Debug|x64
		{F1972092-1E57-43CC-B92C-B70E384F99AD}.Debug|x86.ActiveCfg = Debug|x86
		{F1972092-1E57-43CC-B92C-B70E384F99AD}.Debug|x86.Build.0 = Debug|x86
		{F1972092-1E57-43CC-B92C-B70E384F99AD}.Debug|x86.Deploy.0 = Debug|x86
		{F1972092-1E57-43CC-B92C-B70E384F99AD}.Release|ARM.ActiveCfg = Release|ARM
		{F1972092-1E57-43CC-B92C-B70E384F99AD}.Release|ARM.Build.0 = Release|ARM
		{F1972092-1E57-43CC-B92C-B70E384F99AD}.Release|ARM.Deploy.0 = Release|ARM
		{F1972092-1E57-43CC-B92C-B70E384F99AD}.Release|ARM64.ActiveCfg = Release|ARM64
		{F1972092-1E57-43CC-B92C-B70E384F99AD}.Release|ARM64.Build.0 = Release|ARM64
		{F1972092-1E57-43CC-B92C-B70E384F99AD}.Release|ARM64.Deploy.0 = Release|ARM64
		{F1972092-1E57-43CC-B92C-B70E384F99AD}.Release|x64.ActiveCfg = Release|x64
		{F1972092-1E57-43CC-B92C-B70E384F99AD}.Release|x64.Build.0 = Release|x64
		{F1972092-1E57-43CC-B92C-B70E384F99AD}.Release|x64.Deploy.0 = Release|x64
		{F1972092-1E57-43CC-B92C-B70E384F99AD}.Release|x86.ActiveCfg = Release|x86
		{F1972092-1E57-43CC-B92C-B70E384F99AD}.Release|x86.Build.0 = Release|x86
		{F1972092-1E57-43CC-B92C-B70E384F99AD}.Release|x86.Deploy.0 = Release|x86
	EndGlobalSection
	GlobalSection(SolutionProperties) = preSolution
		HideSolutionNode = FALSE
	EndGlobalSection
	GlobalSection(ExtensibilityGlobals) = postSolution
		SolutionGuid = {762D69DE-EDAA-4439-BF1A-6DF02A312E09}
	EndGlobalSection
EndGlobal
